
Microsoft Visual Studio Solution File, Format Version 12.00
# Visual Studio Version 17
VisualStudioVersion = 17.7.34031.279
MinimumVisualStudioVersion = 10.0.40219.1
Project("{FAE04EC0-301F-11D3-BF4B-00C04F79EFBC}") = "OinarrizkoKalkulagailua", "OinarrizkoKalkulagailua\OinarrizkoKalkulagailua.csproj", "{A13A8D0F-13C9-4A9F-BF01-5860379A6668}"
EndProject
Global
	GlobalSection(SolutionConfigurationPlatforms) = preSolution
		Debug|Any CPU = Debug|Any CPU
		Release|Any CPU = Release|Any CPU
	EndGlobalSection
	GlobalSection(ProjectConfigurationPlatforms) = postSolution
		{A13A8D0F-13C9-4A9F-BF01-5860379A6668}.Debug|Any CPU.ActiveCfg = Debug|Any CPU
		{A13A8D0F-13C9-4A9F-BF01-5860379A6668}.Debug|Any CPU.Build.0 = Debug|Any CPU
		{A13A8D0F-13C9-4A9F-BF01-5860379A6668}.Release|Any CPU.ActiveCfg = Release|Any CPU
		{A13A8D0F-13C9-4A9F-BF01-5860379A6668}.Release|Any CPU.Build.0 = Release|Any CPU
	EndGlobalSection
	GlobalSection(SolutionProperties) = preSolution
		HideSolutionNode = FALSE
	EndGlobalSection
	GlobalSection(ExtensibilityGlobals) = postSolution
		SolutionGuid = {CFF92C02-6411-4B42-ABC2-EBB9A8116CFB}
	EndGlobalSection
EndGlobal
